
Microsoft Visual Studio Solution File, Format Version 12.00
# Visual Studio Version 16
VisualStudioVersion = 16.0.35229.62
MinimumVisualStudioVersion = 10.0.40219.1
Project("{FAE04EC0-301F-11D3-BF4B-00C04F79EFBC}") = "WPFStudyProject", "WPFStudyProject\WPFStudyProject.csproj", "{5F71D8BE-5672-4944-A8B8-186D046F7A37}"
EndProject
Global
	GlobalSection(SolutionConfigurationPlatforms) = preSolution
		Debug|Any CPU = Debug|Any CPU
		Release|Any CPU = Release|Any CPU
	EndGlobalSection
	GlobalSection(ProjectConfigurationPlatforms) = postSolution
		{5F71D8BE-5672-4944-A8B8-186D046F7A37}.Debug|Any CPU.ActiveCfg = Debug|Any CPU
		{5F71D8BE-5672-4944-A8B8-186D046F7A37}.Debug|Any CPU.Build.0 = Debug|Any CPU
		{5F71D8BE-5672-4944-A8B8-186D046F7A37}.Release|Any CPU.ActiveCfg = Release|Any CPU
		{5F71D8BE-5672-4944-A8B8-186D046F7A37}.Release|Any CPU.Build.0 = Release|Any CPU
	EndGlobalSection
	GlobalSection(SolutionProperties) = preSolution
		HideSolutionNode = FALSE
	EndGlobalSection
	GlobalSection(ExtensibilityGlobals) = postSolution
		SolutionGuid = {A96431C8-B4DB-417F-A9B7-717FC95BDF20}
	EndGlobalSection
EndGlobal
